
Microsoft Visual Studio Solution File, Format Version 12.00
# Visual Studio Version 16
VisualStudioVersion = 16.0.28803.452
MinimumVisualStudioVersion = 10.0.40219.1
Project("{E24C65DC-7377-472B-9ABA-BC803B73C61A}") = "_2019_Fall_415", "_2019_Fall_415\", "{61594EED-5A0D-43DA-9909-5CDAE8CF8C75}"
	ProjectSection(WebsiteProperties) = preProject
		TargetFrameworkMoniker = ".NETFramework,Version%3Dv4.7.2"
		Debug.AspNetCompiler.VirtualPath = "/localhost_7816"
		Debug.AspNetCompiler.PhysicalPath = "_2019_Fall_415\"
		Debug.AspNetCompiler.TargetPath = "PrecompiledWeb\localhost_7816\"
		Debug.AspNetCompiler.Updateable = "true"
		Debug.AspNetCompiler.ForceOverwrite = "true"
		Debug.AspNetCompiler.FixedNames = "false"
		Debug.AspNetCompiler.Debug = "True"
		Release.AspNetCompiler.VirtualPath = "/localhost_7816"
		Release.AspNetCompiler.PhysicalPath = "_2019_Fall_415\"
		Release.AspNetCompiler.TargetPath = "PrecompiledWeb\localhost_7816\"
		Release.AspNetCompiler.Updateable = "true"
		Release.AspNetCompiler.ForceOverwrite = "true"
		Release.AspNetCompiler.FixedNames = "false"
		Release.AspNetCompiler.Debug = "False"
		VWDPort = "7816"
		SlnRelativePath = "_2019_Fall_415\"
		DefaultWebSiteLanguage = "Visual C#"
	EndProjectSection
EndProject
Global
	GlobalSection(SolutionConfigurationPlatforms) = preSolution
		Debug|Any CPU = Debug|Any CPU
	EndGlobalSection
	GlobalSection(ProjectConfigurationPlatforms) = postSolution
		{61594EED-5A0D-43DA-9909-5CDAE8CF8C75}.Debug|Any CPU.ActiveCfg = Debug|Any CPU
		{61594EED-5A0D-43DA-9909-5CDAE8CF8C75}.Debug|Any CPU.Build.0 = Debug|Any CPU
	EndGlobalSection
	GlobalSection(SolutionProperties) = preSolution
		HideSolutionNode = FALSE
	EndGlobalSection
	GlobalSection(ExtensibilityGlobals) = postSolution
		SolutionGuid = {C86151D7-2B6D-4C29-8EE9-80F7F1E08E96}
	EndGlobalSection
EndGlobal
